<?xml version="1.0" encoding="utf-8"?>
<Project ToolsVersion="4.0" xmlns="http://schemas.microsoft.com/developer/msbuild/2003">
  <ItemGroup>
    <Filter Include="source">
      <UniqueIdentifier>{e62777b8-edcc-490c-9d45-8d2788e6aba4}</UniqueIdentifier>
    </Filter>
  </ItemGroup>
  <ItemGroup>
    <ClCompile Include="main.cpp">
      <Filter>source</Filter>
    </ClCompile>
    <ClCompile Include="entry.cpp">
      <Filter>source</Filter>
    </ClCompile>
    <ClCompile Include="class.cpp">
      <Filter>source</Filter>
    </ClCompile>
    <ClCompile Include="sqlite3.c">
      <Filter>source</Filter>
    </ClCompile>
  </ItemGroup>
  <ItemGroup>
    <ClInclude Include="header.h">
      <Filter>source</Filter>
    </ClInclude>
    <ClInclude Include="class.h">
      <Filter>source</Filter>
    </ClInclude>
    <ClInclude Include="sqlite3.h">
      <Filter>source</Filter>
    </ClInclude>
  </ItemGroup>
</Project>