<?xml version="1.0" encoding="utf-8"?>
<Project ToolsVersion="4.0" xmlns="http://schemas.microsoft.com/developer/msbuild/2003">
  <ItemGroup>
    <ClCompile Include="fs\entry.cpp" />
    <ClCompile Include="fs\entry_init.cpp" />
    <ClCompile Include="fs\main.cpp" />
    <ClCompile Include="fs\sqlite3.c" />
    <ClCompile Include="fs\dokan\dokan_proxy.cpp">
      <Filter>dokan</Filter>
    </ClCompile>
    <ClCompile Include="fs\dokan\dokan.cpp">
      <Filter>dokan</Filter>
    </ClCompile>
    <ClCompile Include="fs\dokan\methods\Cleanup.cpp">
      <Filter>dokan\methods</Filter>
    </ClCompile>
    <ClCompile Include="fs\dokan\methods\CloseFile.cpp">
      <Filter>dokan\methods</Filter>
    </ClCompile>
    <ClCompile Include="fs\dokan\methods\CreateDirectory.cpp">
      <Filter>dokan\methods</Filter>
    </ClCompile>
    <ClCompile Include="fs\dokan\methods\CreateFile.cpp">
      <Filter>dokan\methods</Filter>
    </ClCompile>
    <ClCompile Include="fs\dokan\methods\DeleteDirectory.cpp">
      <Filter>dokan\methods</Filter>
    </ClCompile>
    <ClCompile Include="fs\dokan\methods\DeleteFile.cpp">
      <Filter>dokan\methods</Filter>
    </ClCompile>
    <ClCompile Include="fs\dokan\methods\FindFiles.cpp">
      <Filter>dokan\methods</Filter>
    </ClCompile>
    <ClCompile Include="fs\dokan\methods\FindFilesWithPattern.cpp">
      <Filter>dokan\methods</Filter>
    </ClCompile>
    <ClCompile Include="fs\dokan\methods\FlushFileBuffers.cpp">
      <Filter>dokan\methods</Filter>
    </ClCompile>
    <ClCompile Include="fs\dokan\methods\GetDiskFreeSpace.cpp">
      <Filter>dokan\methods</Filter>
    </ClCompile>
    <ClCompile Include="fs\dokan\methods\GetFileInformation.cpp">
      <Filter>dokan\methods</Filter>
    </ClCompile>
    <ClCompile Include="fs\dokan\methods\GetFileSecurity.cpp">
      <Filter>dokan\methods</Filter>
    </ClCompile>
    <ClCompile Include="fs\dokan\methods\GetVolumeInformation.cpp">
      <Filter>dokan\methods</Filter>
    </ClCompile>
    <ClCompile Include="fs\dokan\methods\LockFile.cpp">
      <Filter>dokan\methods</Filter>
    </ClCompile>
    <ClCompile Include="fs\dokan\methods\methods_utils.cpp">
      <Filter>dokan\methods</Filter>
    </ClCompile>
    <ClCompile Include="fs\dokan\methods\MoveFile.cpp">
      <Filter>dokan\methods</Filter>
    </ClCompile>
    <ClCompile Include="fs\dokan\methods\OpenDirectory.cpp">
      <Filter>dokan\methods</Filter>
    </ClCompile>
    <ClCompile Include="fs\dokan\methods\ReadFile.cpp">
      <Filter>dokan\methods</Filter>
    </ClCompile>
    <ClCompile Include="fs\dokan\methods\SetAllocationSize.cpp">
      <Filter>dokan\methods</Filter>
    </ClCompile>
    <ClCompile Include="fs\dokan\methods\SetEndOfFile.cpp">
      <Filter>dokan\methods</Filter>
    </ClCompile>
    <ClCompile Include="fs\dokan\methods\SetFileAttributes.cpp">
      <Filter>dokan\methods</Filter>
    </ClCompile>
    <ClCompile Include="fs\dokan\methods\SetFileSecurity.cpp">
      <Filter>dokan\methods</Filter>
    </ClCompile>
    <ClCompile Include="fs\dokan\methods\SetFileTime.cpp">
      <Filter>dokan\methods</Filter>
    </ClCompile>
    <ClCompile Include="fs\dokan\methods\UnlockFile.cpp">
      <Filter>dokan\methods</Filter>
    </ClCompile>
    <ClCompile Include="fs\dokan\methods\Unmount.cpp">
      <Filter>dokan\methods</Filter>
    </ClCompile>
    <ClCompile Include="fs\dokan\methods\WriteFile.cpp">
      <Filter>dokan\methods</Filter>
    </ClCompile>
  </ItemGroup>
  <ItemGroup>
    <ClInclude Include="fs\entry.h" />
    <ClInclude Include="fs\factory.h" />
    <ClInclude Include="fs\header.h" />
    <ClInclude Include="fs\sqlite3.h" />
    <ClInclude Include="fs\win_undef_names.h" />
    <ClInclude Include="fs\dokan\dokan_proxy.h">
      <Filter>dokan</Filter>
    </ClInclude>
    <ClInclude Include="fs\dokan\dokan_cpp_port.h">
      <Filter>dokan</Filter>
    </ClInclude>
    <ClInclude Include="fs\dokan\dokan.h">
      <Filter>dokan</Filter>
    </ClInclude>
    <ClInclude Include="fs\dokan\methods\methods_utils.h">
      <Filter>dokan\methods</Filter>
    </ClInclude>
    <ClInclude Include="ax.h" />
  </ItemGroup>
  <ItemGroup>
    <Filter Include="dokan">
      <UniqueIdentifier>{5a364785-4ce7-403a-9d62-a4ef88914d16}</UniqueIdentifier>
    </Filter>
    <Filter Include="dokan\methods">
      <UniqueIdentifier>{b1f1f2d8-45fd-4460-9d5f-a23d901a3c16}</UniqueIdentifier>
    </Filter>
  </ItemGroup>
</Project>