<?xml version="1.0" encoding="utf-8"?>
<Project ToolsVersion="4.0" xmlns="http://schemas.microsoft.com/developer/msbuild/2003">
  <ItemGroup>
    <Filter Include="source">
      <UniqueIdentifier>{e62777b8-edcc-490c-9d45-8d2788e6aba4}</UniqueIdentifier>
    </Filter>
    <Filter Include="source\dokan">
      <UniqueIdentifier>{bee416f4-c0f0-4e90-a6f9-d778172a2ab9}</UniqueIdentifier>
    </Filter>
    <Filter Include="source\entry">
      <UniqueIdentifier>{6b9a7fab-8f7a-4c48-bd1c-83167bb2dc86}</UniqueIdentifier>
    </Filter>
    <Filter Include="source\dokan\methods">
      <UniqueIdentifier>{8062b5ca-c745-4708-b251-6d420a3a920e}</UniqueIdentifier>
    </Filter>
  </ItemGroup>
  <ItemGroup>
    <ClCompile Include="fs\main.cpp">
      <Filter>source</Filter>
    </ClCompile>
    <ClCompile Include="fs\sqlite3.c">
      <Filter>source</Filter>
    </ClCompile>
    <ClCompile Include="fs\entry.cpp">
      <Filter>source\entry</Filter>
    </ClCompile>
    <ClCompile Include="fs\entry_init.cpp">
      <Filter>source\entry</Filter>
    </ClCompile>
    <ClCompile Include="fs\dokan\dokan.cpp">
      <Filter>source\dokan</Filter>
    </ClCompile>
    <ClCompile Include="fs\dokan\dokan_proxy.cpp">
      <Filter>source\dokan</Filter>
    </ClCompile>
    <ClCompile Include="fs\dokan\methods\CreateFile.cpp">
      <Filter>source\dokan\methods</Filter>
    </ClCompile>
    <ClCompile Include="fs\dokan\methods\methods_utils.cpp">
      <Filter>source\dokan\methods</Filter>
    </ClCompile>
    <ClCompile Include="fs\dokan\methods\FindFiles.cpp">
      <Filter>source\dokan\methods</Filter>
    </ClCompile>
    <ClCompile Include="fs\dokan\methods\GetVolumeInformation.cpp">
      <Filter>source\dokan\methods</Filter>
    </ClCompile>
    <ClCompile Include="fs\dokan\methods\OpenDirectory.cpp">
      <Filter>source\dokan\methods</Filter>
    </ClCompile>
  </ItemGroup>
  <ItemGroup>
    <ClInclude Include="fs\factory.h">
      <Filter>source</Filter>
    </ClInclude>
    <ClInclude Include="fs\header.h">
      <Filter>source</Filter>
    </ClInclude>
    <ClInclude Include="fs\sqlite3.h">
      <Filter>source</Filter>
    </ClInclude>
    <ClInclude Include="fs\entry.h">
      <Filter>source\entry</Filter>
    </ClInclude>
    <ClInclude Include="fs\dokan\dokan.h">
      <Filter>source\dokan</Filter>
    </ClInclude>
    <ClInclude Include="fs\dokan\dokan_cpp_port.h">
      <Filter>source\dokan</Filter>
    </ClInclude>
    <ClInclude Include="fs\dokan\dokan_proxy.h">
      <Filter>source\dokan</Filter>
    </ClInclude>
    <ClInclude Include="fs\dokan\methods\methods_utils.h">
      <Filter>source\dokan\methods</Filter>
    </ClInclude>
  </ItemGroup>
</Project>