<?xml version="1.0" encoding="utf-8"?>
<Project ToolsVersion="4.0" xmlns="http://schemas.microsoft.com/developer/msbuild/2003">
  <ItemGroup>
    <Filter Include="file">
      <UniqueIdentifier>{2feddff4-1096-40b3-a131-16f80f2d8813}</UniqueIdentifier>
    </Filter>
    <Filter Include="directory">
      <UniqueIdentifier>{0d6dc2a2-1906-4843-b4e6-946c4c78095b}</UniqueIdentifier>
    </Filter>
  </ItemGroup>
  <ItemGroup>
    <ClInclude Include="vfs\directory\directory.h">
      <Filter>directory</Filter>
    </ClInclude>
    <ClInclude Include="vfs\directory\directory_handler.h">
      <Filter>directory</Filter>
    </ClInclude>
    <ClInclude Include="vfs\file\access_rights.h">
      <Filter>file</Filter>
    </ClInclude>
    <ClInclude Include="vfs\file\attributes.h">
      <Filter>file</Filter>
    </ClInclude>
    <ClInclude Include="vfs\file\create_disposition.h">
      <Filter>file</Filter>
    </ClInclude>
    <ClInclude Include="vfs\file\file.h">
      <Filter>file</Filter>
    </ClInclude>
    <ClInclude Include="vfs\file\file_handler.h">
      <Filter>file</Filter>
    </ClInclude>
    <ClInclude Include="vfs\file\flags.h">
      <Filter>file</Filter>
    </ClInclude>
    <ClInclude Include="vfs\file\share_mode.h">
      <Filter>file</Filter>
    </ClInclude>
    <ClInclude Include="vfs\header.h" />
    <ClInclude Include="vfs\std_importer.h" />
    <ClInclude Include="vfs\stdafx.h" />
    <ClInclude Include="vfs\vfs.h" />
  </ItemGroup>
  <ItemGroup>
    <ClCompile Include="vfs\vfs.cpp" />
  </ItemGroup>
</Project>