<?xml version="1.0" encoding="utf-8"?>
<Project ToolsVersion="4.0" xmlns="http://schemas.microsoft.com/developer/msbuild/2003">
  <ItemGroup>
    <ClInclude Include="vfs\header.h" />
    <ClInclude Include="vfs\internal.h" />
    <ClInclude Include="vfs\std_importer.h" />
    <ClInclude Include="vfs\stdafx.h" />
    <ClInclude Include="vfs\vfs.h" />
    <ClInclude Include="vfs\directory\directory.h">
      <Filter>directory</Filter>
    </ClInclude>
    <ClInclude Include="vfs\directory\directory_handler.h">
      <Filter>directory</Filter>
    </ClInclude>
    <ClInclude Include="vfs\directory\file_find_data.h">
      <Filter>directory</Filter>
    </ClInclude>
    <ClInclude Include="vfs\file\access_rights.h">
      <Filter>file</Filter>
    </ClInclude>
    <ClInclude Include="vfs\file\attributes.h">
      <Filter>file</Filter>
    </ClInclude>
    <ClInclude Include="vfs\file\create_disposition.h">
      <Filter>file</Filter>
    </ClInclude>
    <ClInclude Include="vfs\file\file.h">
      <Filter>file</Filter>
    </ClInclude>
    <ClInclude Include="vfs\file\file_handler.h">
      <Filter>file</Filter>
    </ClInclude>
    <ClInclude Include="vfs\file\flags.h">
      <Filter>file</Filter>
    </ClInclude>
    <ClInclude Include="vfs\file\share_mode.h">
      <Filter>file</Filter>
    </ClInclude>
    <ClInclude Include="vfs\file\cached\cached_file.h">
      <Filter>file\cached</Filter>
    </ClInclude>
    <ClInclude Include="vfs\file\cached\cached_file_handler.h">
      <Filter>file\cached</Filter>
    </ClInclude>
    <ClInclude Include="vfs\file\cached\cached_file_handler_impl.h">
      <Filter>file\cached</Filter>
    </ClInclude>
  </ItemGroup>
  <ItemGroup>
    <ClCompile Include="vfs\vfs.cpp" />
    <ClCompile Include="vfs\vfs_raw_win.cpp" />
    <ClCompile Include="vfs\directory\directory.cpp">
      <Filter>directory</Filter>
    </ClCompile>
    <ClCompile Include="vfs\directory\directory_hander.cpp">
      <Filter>directory</Filter>
    </ClCompile>
    <ClCompile Include="vfs\file\access_rights.cpp">
      <Filter>file</Filter>
    </ClCompile>
    <ClCompile Include="vfs\file\attributes.cpp">
      <Filter>file</Filter>
    </ClCompile>
    <ClCompile Include="vfs\file\file.cpp">
      <Filter>file</Filter>
    </ClCompile>
    <ClCompile Include="vfs\file\cached\cached_file.cpp">
      <Filter>file\cached</Filter>
    </ClCompile>
    <ClCompile Include="vfs\file\cached\cached_file_handler.cpp">
      <Filter>file\cached</Filter>
    </ClCompile>
    <ClCompile Include="vfs\file\cached\cached_file_handler_impl.cpp">
      <Filter>file\cached</Filter>
    </ClCompile>
  </ItemGroup>
  <ItemGroup>
    <Filter Include="file">
      <UniqueIdentifier>{d556bdb0-ab5c-4a75-836d-d9f9117db54a}</UniqueIdentifier>
    </Filter>
    <Filter Include="directory">
      <UniqueIdentifier>{8f3e95cb-b510-4a1c-a082-4453b09c6219}</UniqueIdentifier>
    </Filter>
    <Filter Include="file\cached">
      <UniqueIdentifier>{105a87f3-d910-48bf-abc8-7986fbf9a5fa}</UniqueIdentifier>
    </Filter>
  </ItemGroup>
</Project>